// !$*UTF8*$!
{
	archiveVersion = 1;
	classes = {
	};
	objectVersion = 56;
	objects = {

/* Begin PBXBuildFile section */
		A10000010000000000000001 /* UltraXRealApp.swift in Sources */ = {isa = PBXBuildFile; fileRef = A20000010000000000000001 /* UltraXRealApp.swift */; };
		A10000010000000000000003 /* VirtualDisplayManager.swift in Sources */ = {isa = PBXBuildFile; fileRef = A20000010000000000000003 /* VirtualDisplayManager.swift */; };
		A10000010000000000000004 /* DisplayMirrorHelper.swift in Sources */ = {isa = PBXBuildFile; fileRef = A20000010000000000000004 /* DisplayMirrorHelper.swift */; };
		A10000010000000000000005 /* Settings.swift in Sources */ = {isa = PBXBuildFile; fileRef = A20000010000000000000005 /* Settings.swift */; };
		A10000010000000000000006 /* DisplayResolution.swift in Sources */ = {isa = PBXBuildFile; fileRef = A20000010000000000000006 /* DisplayResolution.swift */; };
		A10000010000000000000007 /* Assets.xcassets in Resources */ = {isa = PBXBuildFile; fileRef = A20000010000000000000007 /* Assets.xcassets */; };
		A10000010000000000000008 /* CoreGraphics.framework in Frameworks */ = {isa = PBXBuildFile; fileRef = A20000010000000000000008 /* CoreGraphics.framework */; };
		A10000010000000000000009 /* AppDelegate.swift in Sources */ = {isa = PBXBuildFile; fileRef = A2000001000000000000000D /* AppDelegate.swift */; };
		B10000010000000000000001 /* XRealIMUService.swift in Sources */ = {isa = PBXBuildFile; fileRef = B20000010000000000000001 /* XRealIMUService.swift */; };
		B10000010000000000000002 /* SpatialTracker.swift in Sources */ = {isa = PBXBuildFile; fileRef = B20000010000000000000002 /* SpatialTracker.swift */; };
		B10000010000000000000003 /* SpatialRenderer.swift in Sources */ = {isa = PBXBuildFile; fileRef = B20000010000000000000003 /* SpatialRenderer.swift */; };
		B10000010000000000000004 /* SpatialShaders.metal in Sources */ = {isa = PBXBuildFile; fileRef = B20000010000000000000004 /* SpatialShaders.metal */; };
		B10000010000000000000010 /* hid.c in Sources */ = {isa = PBXBuildFile; fileRef = B20000010000000000000010 /* hid.c */; };
		B10000010000000000000020 /* FusionAhrs.c in Sources */ = {isa = PBXBuildFile; fileRef = B20000010000000000000020 /* FusionAhrs.c */; };
		B10000010000000000000021 /* FusionCompass.c in Sources */ = {isa = PBXBuildFile; fileRef = B20000010000000000000021 /* FusionCompass.c */; };
		B10000010000000000000022 /* FusionOffset.c in Sources */ = {isa = PBXBuildFile; fileRef = B20000010000000000000022 /* FusionOffset.c */; };
		B10000010000000000000030 /* device.c in Sources */ = {isa = PBXBuildFile; fileRef = B20000010000000000000030 /* device.c */; };
		B10000010000000000000031 /* device_imu.c in Sources */ = {isa = PBXBuildFile; fileRef = B20000010000000000000031 /* device_imu.c */; };
		B10000010000000000000032 /* hid_ids.c in Sources */ = {isa = PBXBuildFile; fileRef = B20000010000000000000032 /* hid_ids.c */; };
		B10000010000000000000033 /* crc32.c in Sources */ = {isa = PBXBuildFile; fileRef = B20000010000000000000033 /* crc32.c */; };
		B1F000010000000000000001 /* IOKit.framework in Frameworks */ = {isa = PBXBuildFile; fileRef = B2F000010000000000000001 /* IOKit.framework */; };
		B1F000010000000000000002 /* Metal.framework in Frameworks */ = {isa = PBXBuildFile; fileRef = B2F000010000000000000002 /* Metal.framework */; };
		B1F000010000000000000003 /* MetalKit.framework in Frameworks */ = {isa = PBXBuildFile; fileRef = B2F000010000000000000003 /* MetalKit.framework */; };
		B1F000010000000000000004 /* ScreenCaptureKit.framework in Frameworks */ = {isa = PBXBuildFile; fileRef = B2F000010000000000000004 /* ScreenCaptureKit.framework */; settings = {ATTRIBUTES = (Weak, ); }; };
/* End PBXBuildFile section */

/* Begin PBXFileReference section */
		A20000010000000000000001 /* UltraXRealApp.swift */ = {isa = PBXFileReference; lastKnownFileType = sourcecode.swift; path = UltraXRealApp.swift; sourceTree = "<group>"; };
		A20000010000000000000002 /* MenuBarView.swift */ = {isa = PBXFileReference; lastKnownFileType = sourcecode.swift; path = MenuBarView.swift; sourceTree = "<group>"; };
		A20000010000000000000003 /* VirtualDisplayManager.swift */ = {isa = PBXFileReference; lastKnownFileType = sourcecode.swift; path = VirtualDisplayManager.swift; sourceTree = "<group>"; };
		A20000010000000000000004 /* DisplayMirrorHelper.swift */ = {isa = PBXFileReference; lastKnownFileType = sourcecode.swift; path = DisplayMirrorHelper.swift; sourceTree = "<group>"; };
		A20000010000000000000005 /* Settings.swift */ = {isa = PBXFileReference; lastKnownFileType = sourcecode.swift; path = Settings.swift; sourceTree = "<group>"; };
		A20000010000000000000006 /* DisplayResolution.swift */ = {isa = PBXFileReference; lastKnownFileType = sourcecode.swift; path = DisplayResolution.swift; sourceTree = "<group>"; };
		A20000010000000000000007 /* Assets.xcassets */ = {isa = PBXFileReference; lastKnownFileType = folder.assetcatalog; path = Assets.xcassets; sourceTree = "<group>"; };
		A20000010000000000000008 /* CoreGraphics.framework */ = {isa = PBXFileReference; lastKnownFileType = wrapper.framework; name = CoreGraphics.framework; path = System/Library/Frameworks/CoreGraphics.framework; sourceTree = SDKROOT; };
		A20000010000000000000009 /* CGVirtualDisplay-Bridge.h */ = {isa = PBXFileReference; lastKnownFileType = sourcecode.c.h; path = "CGVirtualDisplay-Bridge.h"; sourceTree = "<group>"; };
		A2000001000000000000000A /* Info.plist */ = {isa = PBXFileReference; lastKnownFileType = text.plist.xml; path = Info.plist; sourceTree = "<group>"; };
		A2000001000000000000000B /* UltraXReal.entitlements */ = {isa = PBXFileReference; lastKnownFileType = text.plist.entitlements; path = UltraXReal.entitlements; sourceTree = "<group>"; };
		A2000001000000000000000C /* UltraXReal.app */ = {isa = PBXFileReference; explicitFileType = wrapper.application; includeInIndex = 0; path = UltraXReal.app; sourceTree = BUILT_PRODUCTS_DIR; };
		A2000001000000000000000D /* AppDelegate.swift */ = {isa = PBXFileReference; lastKnownFileType = sourcecode.swift; path = AppDelegate.swift; sourceTree = "<group>"; };
		B20000010000000000000001 /* XRealIMUService.swift */ = {isa = PBXFileReference; lastKnownFileType = sourcecode.swift; path = XRealIMUService.swift; sourceTree = "<group>"; };
		B20000010000000000000002 /* SpatialTracker.swift */ = {isa = PBXFileReference; lastKnownFileType = sourcecode.swift; path = SpatialTracker.swift; sourceTree = "<group>"; };
		B20000010000000000000003 /* SpatialRenderer.swift */ = {isa = PBXFileReference; lastKnownFileType = sourcecode.swift; path = SpatialRenderer.swift; sourceTree = "<group>"; };
		B20000010000000000000004 /* SpatialShaders.metal */ = {isa = PBXFileReference; lastKnownFileType = sourcecode.metal; path = SpatialShaders.metal; sourceTree = "<group>"; };
		B20000010000000000000010 /* hid.c */ = {isa = PBXFileReference; lastKnownFileType = sourcecode.c.c; path = hid.c; sourceTree = "<group>"; };
		B20000010000000000000011 /* hidapi.h */ = {isa = PBXFileReference; lastKnownFileType = sourcecode.c.h; path = hidapi.h; sourceTree = "<group>"; };
		B20000010000000000000020 /* FusionAhrs.c */ = {isa = PBXFileReference; lastKnownFileType = sourcecode.c.c; path = FusionAhrs.c; sourceTree = "<group>"; };
		B20000010000000000000021 /* FusionCompass.c */ = {isa = PBXFileReference; lastKnownFileType = sourcecode.c.c; path = FusionCompass.c; sourceTree = "<group>"; };
		B20000010000000000000022 /* FusionOffset.c */ = {isa = PBXFileReference; lastKnownFileType = sourcecode.c.c; path = FusionOffset.c; sourceTree = "<group>"; };
		B20000010000000000000023 /* Fusion.h */ = {isa = PBXFileReference; lastKnownFileType = sourcecode.c.h; path = Fusion.h; sourceTree = "<group>"; };
		B20000010000000000000024 /* FusionAhrs.h */ = {isa = PBXFileReference; lastKnownFileType = sourcecode.c.h; path = FusionAhrs.h; sourceTree = "<group>"; };
		B20000010000000000000025 /* FusionAxes.h */ = {isa = PBXFileReference; lastKnownFileType = sourcecode.c.h; path = FusionAxes.h; sourceTree = "<group>"; };
		B20000010000000000000026 /* FusionCalibration.h */ = {isa = PBXFileReference; lastKnownFileType = sourcecode.c.h; path = FusionCalibration.h; sourceTree = "<group>"; };
		B20000010000000000000027 /* FusionCompass.h */ = {isa = PBXFileReference; lastKnownFileType = sourcecode.c.h; path = FusionCompass.h; sourceTree = "<group>"; };
		B20000010000000000000028 /* FusionConvention.h */ = {isa = PBXFileReference; lastKnownFileType = sourcecode.c.h; path = FusionConvention.h; sourceTree = "<group>"; };
		B20000010000000000000029 /* FusionMath.h */ = {isa = PBXFileReference; lastKnownFileType = sourcecode.c.h; path = FusionMath.h; sourceTree = "<group>"; };
		B2000001000000000000002A /* FusionOffset.h */ = {isa = PBXFileReference; lastKnownFileType = sourcecode.c.h; path = FusionOffset.h; sourceTree = "<group>"; };
		B20000010000000000000030 /* device.c */ = {isa = PBXFileReference; lastKnownFileType = sourcecode.c.c; path = device.c; sourceTree = "<group>"; };
		B20000010000000000000031 /* device_imu.c */ = {isa = PBXFileReference; lastKnownFileType = sourcecode.c.c; path = device_imu.c; sourceTree = "<group>"; };
		B20000010000000000000032 /* hid_ids.c */ = {isa = PBXFileReference; lastKnownFileType = sourcecode.c.c; path = hid_ids.c; sourceTree = "<group>"; };
		B20000010000000000000033 /* crc32.c */ = {isa = PBXFileReference; lastKnownFileType = sourcecode.c.c; path = crc32.c; sourceTree = "<group>"; };
		B20000010000000000000034 /* device.h */ = {isa = PBXFileReference; lastKnownFileType = sourcecode.c.h; path = device.h; sourceTree = "<group>"; };
		B20000010000000000000035 /* device_imu.h */ = {isa = PBXFileReference; lastKnownFileType = sourcecode.c.h; path = device_imu.h; sourceTree = "<group>"; };
		B20000010000000000000036 /* hid_ids.h */ = {isa = PBXFileReference; lastKnownFileType = sourcecode.c.h; path = hid_ids.h; sourceTree = "<group>"; };
		B20000010000000000000037 /* crc32.h */ = {isa = PBXFileReference; lastKnownFileType = sourcecode.c.h; path = crc32.h; sourceTree = "<group>"; };
		B2F000010000000000000001 /* IOKit.framework */ = {isa = PBXFileReference; lastKnownFileType = wrapper.framework; name = IOKit.framework; path = System/Library/Frameworks/IOKit.framework; sourceTree = SDKROOT; };
		B2F000010000000000000002 /* Metal.framework */ = {isa = PBXFileReference; lastKnownFileType = wrapper.framework; name = Metal.framework; path = System/Library/Frameworks/Metal.framework; sourceTree = SDKROOT; };
		B2F000010000000000000003 /* MetalKit.framework */ = {isa = PBXFileReference; lastKnownFileType = wrapper.framework; name = MetalKit.framework; path = System/Library/Frameworks/MetalKit.framework; sourceTree = SDKROOT; };
		B2F000010000000000000004 /* ScreenCaptureKit.framework */ = {isa = PBXFileReference; lastKnownFileType = wrapper.framework; name = ScreenCaptureKit.framework; path = System/Library/Frameworks/ScreenCaptureKit.framework; sourceTree = SDKROOT; };
/* End PBXFileReference section */

/* Begin PBXFrameworksBuildPhase section */
		A30000010000000000000001 /* Frameworks */ = {
			isa = PBXFrameworksBuildPhase;
			buildActionMask = 2147483647;
			files = (
				A10000010000000000000008 /* CoreGraphics.framework in Frameworks */,
				B1F000010000000000000001 /* IOKit.framework in Frameworks */,
				B1F000010000000000000002 /* Metal.framework in Frameworks */,
				B1F000010000000000000003 /* MetalKit.framework in Frameworks */,
				B1F000010000000000000004 /* ScreenCaptureKit.framework in Frameworks */,
			);
			runOnlyForDeploymentPostprocessing = 0;
		};
/* End PBXFrameworksBuildPhase section */

/* Begin PBXGroup section */
		A40000010000000000000001 = {
			isa = PBXGroup;
			children = (
				A40000010000000000000002 /* UltraXReal */,
				A40000010000000000000003 /* Frameworks */,
				A40000010000000000000004 /* Products */,
			);
			sourceTree = "<group>";
		};
		A40000010000000000000002 /* UltraXReal */ = {
			isa = PBXGroup;
			children = (
				A20000010000000000000001 /* UltraXRealApp.swift */,
				A2000001000000000000000D /* AppDelegate.swift */,
				A20000010000000000000003 /* VirtualDisplayManager.swift */,
				A20000010000000000000004 /* DisplayMirrorHelper.swift */,
				A20000010000000000000005 /* Settings.swift */,
				A20000010000000000000006 /* DisplayResolution.swift */,
				A20000010000000000000009 /* CGVirtualDisplay-Bridge.h */,
				B40000010000000000000001 /* Spatial */,
				B40000010000000000000005 /* Vendor */,
				A20000010000000000000007 /* Assets.xcassets */,
				A2000001000000000000000A /* Info.plist */,
				A2000001000000000000000B /* UltraXReal.entitlements */,
			);
			path = UltraXReal;
			sourceTree = "<group>";
		};
		A40000010000000000000003 /* Frameworks */ = {
			isa = PBXGroup;
			children = (
				A20000010000000000000008 /* CoreGraphics.framework */,
				B2F000010000000000000001 /* IOKit.framework */,
				B2F000010000000000000002 /* Metal.framework */,
				B2F000010000000000000003 /* MetalKit.framework */,
				B2F000010000000000000004 /* ScreenCaptureKit.framework */,
			);
			name = Frameworks;
			sourceTree = "<group>";
		};
		A40000010000000000000004 /* Products */ = {
			isa = PBXGroup;
			children = (
				A2000001000000000000000C /* UltraXReal.app */,
			);
			name = Products;
			sourceTree = "<group>";
		};
		B40000010000000000000001 /* Spatial */ = {
			isa = PBXGroup;
			children = (
				B20000010000000000000001 /* XRealIMUService.swift */,
				B20000010000000000000002 /* SpatialTracker.swift */,
				B20000010000000000000003 /* SpatialRenderer.swift */,
				B20000010000000000000004 /* SpatialShaders.metal */,
			);
			path = Spatial;
			sourceTree = "<group>";
		};
		B40000010000000000000005 /* Vendor */ = {
			isa = PBXGroup;
			children = (
				B40000010000000000000002 /* hidapi */,
				B40000010000000000000003 /* fusion */,
				B40000010000000000000004 /* xreal-imu */,
			);
			path = Vendor;
			sourceTree = "<group>";
		};
		B40000010000000000000002 /* hidapi */ = {
			isa = PBXGroup;
			children = (
				B20000010000000000000011 /* hidapi.h */,
				B20000010000000000000010 /* hid.c */,
			);
			path = hidapi;
			sourceTree = "<group>";
		};
		B40000010000000000000003 /* fusion */ = {
			isa = PBXGroup;
			children = (
				B20000010000000000000023 /* Fusion.h */,
				B20000010000000000000024 /* FusionAhrs.h */,
				B20000010000000000000025 /* FusionAxes.h */,
				B20000010000000000000026 /* FusionCalibration.h */,
				B20000010000000000000027 /* FusionCompass.h */,
				B20000010000000000000028 /* FusionConvention.h */,
				B20000010000000000000029 /* FusionMath.h */,
				B2000001000000000000002A /* FusionOffset.h */,
				B20000010000000000000020 /* FusionAhrs.c */,
				B20000010000000000000021 /* FusionCompass.c */,
				B20000010000000000000022 /* FusionOffset.c */,
			);
			path = fusion;
			sourceTree = "<group>";
		};
		B40000010000000000000004 /* xreal-imu */ = {
			isa = PBXGroup;
			children = (
				B20000010000000000000034 /* device.h */,
				B20000010000000000000035 /* device_imu.h */,
				B20000010000000000000036 /* hid_ids.h */,
				B20000010000000000000037 /* crc32.h */,
				B20000010000000000000030 /* device.c */,
				B20000010000000000000031 /* device_imu.c */,
				B20000010000000000000032 /* hid_ids.c */,
				B20000010000000000000033 /* crc32.c */,
			);
			path = "xreal-imu";
			sourceTree = "<group>";
		};
/* End PBXGroup section */

/* Begin PBXNativeTarget section */
		A50000010000000000000001 /* UltraXReal */ = {
			isa = PBXNativeTarget;
			buildConfigurationList = A70000010000000000000001 /* Build configuration list for PBXNativeTarget "UltraXReal" */;
			buildPhases = (
				A60000010000000000000001 /* Sources */,
				A30000010000000000000001 /* Frameworks */,
				A60000010000000000000002 /* Resources */,
			);
			buildRules = (
			);
			dependencies = (
			);
			name = UltraXReal;
			productName = UltraXReal;
			productReference = A2000001000000000000000C /* UltraXReal.app */;
			productType = "com.apple.product-type.application";
		};
/* End PBXNativeTarget section */

/* Begin PBXProject section */
		A80000010000000000000001 /* Project object */ = {
			isa = PBXProject;
			attributes = {
				BuildIndependentTargetsInParallel = 1;
				LastSwiftUpdateCheck = 1530;
				LastUpgradeCheck = 1530;
				TargetAttributes = {
					A50000010000000000000001 = {
						CreatedOnToolsVersion = 15.3;
					};
				};
			};
			buildConfigurationList = A70000010000000000000002 /* Build configuration list for PBXProject "UltraXReal" */;
			compatibilityVersion = "Xcode 14.0";
			developmentRegion = en;
			hasScannedForEncodings = 0;
			knownRegions = (
				en,
				Base,
			);
			mainGroup = A40000010000000000000001;
			productRefGroup = A40000010000000000000004 /* Products */;
			projectDirPath = "";
			projectRoot = "";
			targets = (
				A50000010000000000000001 /* UltraXReal */,
			);
		};
/* End PBXProject section */

/* Begin PBXResourcesBuildPhase section */
		A60000010000000000000002 /* Resources */ = {
			isa = PBXResourcesBuildPhase;
			buildActionMask = 2147483647;
			files = (
				A10000010000000000000007 /* Assets.xcassets in Resources */,
			);
			runOnlyForDeploymentPostprocessing = 0;
		};
/* End PBXResourcesBuildPhase section */

/* Begin PBXSourcesBuildPhase section */
		A60000010000000000000001 /* Sources */ = {
			isa = PBXSourcesBuildPhase;
			buildActionMask = 2147483647;
			files = (
				A10000010000000000000001 /* UltraXRealApp.swift in Sources */,
				A10000010000000000000003 /* VirtualDisplayManager.swift in Sources */,
				A10000010000000000000004 /* DisplayMirrorHelper.swift in Sources */,
				A10000010000000000000005 /* Settings.swift in Sources */,
				A10000010000000000000006 /* DisplayResolution.swift in Sources */,
				A10000010000000000000009 /* AppDelegate.swift in Sources */,
				B10000010000000000000001 /* XRealIMUService.swift in Sources */,
				B10000010000000000000002 /* SpatialTracker.swift in Sources */,
				B10000010000000000000003 /* SpatialRenderer.swift in Sources */,
				B10000010000000000000004 /* SpatialShaders.metal in Sources */,
				B10000010000000000000010 /* hid.c in Sources */,
				B10000010000000000000020 /* FusionAhrs.c in Sources */,
				B10000010000000000000021 /* FusionCompass.c in Sources */,
				B10000010000000000000022 /* FusionOffset.c in Sources */,
				B10000010000000000000030 /* device.c in Sources */,
				B10000010000000000000031 /* device_imu.c in Sources */,
				B10000010000000000000032 /* hid_ids.c in Sources */,
				B10000010000000000000033 /* crc32.c in Sources */,
			);
			runOnlyForDeploymentPostprocessing = 0;
		};
/* End PBXSourcesBuildPhase section */

/* Begin XCBuildConfiguration section */
		A90000010000000000000001 /* Debug */ = {
			isa = XCBuildConfiguration;
			buildSettings = {
				ALWAYS_SEARCH_USER_PATHS = NO;
				ASSETCATALOG_COMPILER_APPICON_NAME = AppIcon;
				ASSETCATALOG_COMPILER_GLOBAL_ACCENT_COLOR_NAME = AccentColor;
				CLANG_ANALYZER_NONNULL = YES;
				CLANG_CXX_LANGUAGE_STANDARD = "gnu++20";
				CLANG_ENABLE_MODULES = YES;
				CLANG_ENABLE_OBJC_ARC = YES;
				CODE_SIGN_ENTITLEMENTS = UltraXReal/UltraXReal.entitlements;
				CODE_SIGN_IDENTITY = "-";
				CODE_SIGN_STYLE = Manual;
				COMBINE_HIDPI_IMAGES = YES;
				CURRENT_PROJECT_VERSION = 1;
				DEVELOPMENT_TEAM = "";
				ENABLE_HARDENED_RUNTIME = YES;
				GENERATE_INFOPLIST_FILE = NO;
				HEADER_SEARCH_PATHS = (
					"$(inherited)",
					"$(SRCROOT)/UltraXReal/Vendor/hidapi",
					"$(SRCROOT)/UltraXReal/Vendor/fusion",
					"$(SRCROOT)/UltraXReal/Vendor/xreal-imu",
					"$(SRCROOT)/UltraXReal/Vendor",
				);
				INFOPLIST_FILE = UltraXReal/Info.plist;
				LD_RUNPATH_SEARCH_PATHS = (
					"$(inherited)",
					"@executable_path/../Frameworks",
				);
				MACOSX_DEPLOYMENT_TARGET = 13.0;
				MARKETING_VERSION = 2.0.0;
				OTHER_LDFLAGS = "-weak_framework ScreenCaptureKit";
				PRODUCT_BUNDLE_IDENTIFIER = com.ultraxreal.app;
				PRODUCT_NAME = "$(TARGET_NAME)";
				SWIFT_EMIT_LOC_STRINGS = YES;
				SWIFT_OBJC_BRIDGING_HEADER = "UltraXReal/CGVirtualDisplay-Bridge.h";
				SWIFT_VERSION = 5.0;
			};
			name = Debug;
		};
		A90000010000000000000002 /* Release */ = {
			isa = XCBuildConfiguration;
			buildSettings = {
				ALWAYS_SEARCH_USER_PATHS = NO;
				ASSETCATALOG_COMPILER_APPICON_NAME = AppIcon;
				ASSETCATALOG_COMPILER_GLOBAL_ACCENT_COLOR_NAME = AccentColor;
				CLANG_ANALYZER_NONNULL = YES;
				CLANG_CXX_LANGUAGE_STANDARD = "gnu++20";
				CLANG_ENABLE_MODULES = YES;
				CLANG_ENABLE_OBJC_ARC = YES;
				CODE_SIGN_ENTITLEMENTS = UltraXReal/UltraXReal.entitlements;
				CODE_SIGN_IDENTITY = "-";
				CODE_SIGN_STYLE = Manual;
				COMBINE_HIDPI_IMAGES = YES;
				CURRENT_PROJECT_VERSION = 1;
				DEVELOPMENT_TEAM = "";
				ENABLE_HARDENED_RUNTIME = YES;
				GENERATE_INFOPLIST_FILE = NO;
				HEADER_SEARCH_PATHS = (
					"$(inherited)",
					"$(SRCROOT)/UltraXReal/Vendor/hidapi",
					"$(SRCROOT)/UltraXReal/Vendor/fusion",
					"$(SRCROOT)/UltraXReal/Vendor/xreal-imu",
					"$(SRCROOT)/UltraXReal/Vendor",
				);
				INFOPLIST_FILE = UltraXReal/Info.plist;
				LD_RUNPATH_SEARCH_PATHS = (
					"$(inherited)",
					"@executable_path/../Frameworks",
				);
				MACOSX_DEPLOYMENT_TARGET = 13.0;
				MARKETING_VERSION = 2.0.0;
				OTHER_LDFLAGS = "-weak_framework ScreenCaptureKit";
				PRODUCT_BUNDLE_IDENTIFIER = com.ultraxreal.app;
				PRODUCT_NAME = "$(TARGET_NAME)";
				SWIFT_EMIT_LOC_STRINGS = YES;
				SWIFT_OBJC_BRIDGING_HEADER = "UltraXReal/CGVirtualDisplay-Bridge.h";
				SWIFT_VERSION = 5.0;
			};
			name = Release;
		};
		A90000010000000000000003 /* Debug */ = {
			isa = XCBuildConfiguration;
			buildSettings = {
				ALWAYS_SEARCH_USER_PATHS = NO;
				CLANG_ANALYZER_NONNULL = YES;
				CLANG_ANALYZER_NUMBER_OBJECT_CONVERSION = YES_AGGRESSIVE;
				CLANG_CXX_LANGUAGE_STANDARD = "gnu++20";
				CLANG_ENABLE_MODULES = YES;
				CLANG_ENABLE_OBJC_ARC = YES;
				CLANG_ENABLE_OBJC_WEAK = YES;
				CLANG_WARN_BLOCK_CAPTURE_AUTORELEASING = YES;
				CLANG_WARN_BOOL_CONVERSION = YES;
				CLANG_WARN_COMMA = YES;
				CLANG_WARN_CONSTANT_CONVERSION = YES;
				CLANG_WARN_DEPRECATED_OBJC_IMPLEMENTATIONS = YES;
				CLANG_WARN_DIRECT_OBJC_ISA_USAGE = YES_ERROR;
				CLANG_WARN_DOCUMENTATION_COMMENTS = YES;
				CLANG_WARN_EMPTY_BODY = YES;
				CLANG_WARN_ENUM_CONVERSION = YES;
				CLANG_WARN_INFINITE_RECURSION = YES;
				CLANG_WARN_INT_CONVERSION = YES;
				CLANG_WARN_NON_LITERAL_NULL_CONVERSION = YES;
				CLANG_WARN_OBJC_IMPLICIT_RETAIN_SELF = YES;
				CLANG_WARN_OBJC_LITERAL_CONVERSION = YES;
				CLANG_WARN_OBJC_ROOT_CLASS = YES_ERROR;
				CLANG_WARN_QUOTED_INCLUDE_IN_FRAMEWORK_HEADER = YES;
				CLANG_WARN_RANGE_LOOP_ANALYSIS = YES;
				CLANG_WARN_STRICT_PROTOTYPES = YES;
				CLANG_WARN_SUSPICIOUS_MOVE = YES;
				CLANG_WARN_UNGUARDED_AVAILABILITY = YES_AGGRESSIVE;
				CLANG_WARN_UNREACHABLE_CODE = YES;
				CLANG_WARN__DUPLICATE_METHOD_MATCH = YES;
				COPY_PHASE_STRIP = NO;
				DEBUG_INFORMATION_FORMAT = dwarf;
				ENABLE_STRICT_OBJC_MSGSEND = YES;
				ENABLE_TESTABILITY = YES;
				GCC_C_LANGUAGE_STANDARD = gnu17;
				GCC_DYNAMIC_NO_PIC = NO;
				GCC_NO_COMMON_BLOCKS = YES;
				GCC_OPTIMIZATION_LEVEL = 0;
				GCC_PREPROCESSOR_DEFINITIONS = (
					"DEBUG=1",
					"$(inherited)",
				);
				GCC_WARN_64_TO_32_BIT_CONVERSION = YES;
				GCC_WARN_ABOUT_RETURN_TYPE = YES_ERROR;
				GCC_WARN_UNDECLARED_SELECTOR = YES;
				GCC_WARN_UNINITIALIZED_AUTOS = YES_AGGRESSIVE;
				GCC_WARN_UNUSED_FUNCTION = YES;
				GCC_WARN_UNUSED_VARIABLE = YES;
				MACOSX_DEPLOYMENT_TARGET = 13.0;
				MTL_ENABLE_DEBUG_INFO = INCLUDE_SOURCE;
				MTL_FAST_MATH = YES;
				ONLY_ACTIVE_ARCH = YES;
				SDKROOT = macosx;
				SWIFT_ACTIVE_COMPILATION_CONDITIONS = "$(inherited) DEBUG";
				SWIFT_OPTIMIZATION_LEVEL = "-Onone";
			};
			name = Debug;
		};
		A90000010000000000000004 /* Release */ = {
			isa = XCBuildConfiguration;
			buildSettings = {
				ALWAYS_SEARCH_USER_PATHS = NO;
				CLANG_ANALYZER_NONNULL = YES;
				CLANG_ANALYZER_NUMBER_OBJECT_CONVERSION = YES_AGGRESSIVE;
				CLANG_CXX_LANGUAGE_STANDARD = "gnu++20";
				CLANG_ENABLE_MODULES = YES;
				CLANG_ENABLE_OBJC_ARC = YES;
				CLANG_ENABLE_OBJC_WEAK = YES;
				CLANG_WARN_BLOCK_CAPTURE_AUTORELEASING = YES;
				CLANG_WARN_BOOL_CONVERSION = YES;
				CLANG_WARN_COMMA = YES;
				CLANG_WARN_CONSTANT_CONVERSION = YES;
				CLANG_WARN_DEPRECATED_OBJC_IMPLEMENTATIONS = YES;
				CLANG_WARN_DIRECT_OBJC_ISA_USAGE = YES_ERROR;
				CLANG_WARN_DOCUMENTATION_COMMENTS = YES;
				CLANG_WARN_EMPTY_BODY = YES;
				CLANG_WARN_ENUM_CONVERSION = YES;
				CLANG_WARN_INFINITE_RECURSION = YES;
				CLANG_WARN_INT_CONVERSION = YES;
				CLANG_WARN_NON_LITERAL_NULL_CONVERSION = YES;
				CLANG_WARN_OBJC_IMPLICIT_RETAIN_SELF = YES;
				CLANG_WARN_OBJC_LITERAL_CONVERSION = YES;
				CLANG_WARN_OBJC_ROOT_CLASS = YES_ERROR;
				CLANG_WARN_QUOTED_INCLUDE_IN_FRAMEWORK_HEADER = YES;
				CLANG_WARN_RANGE_LOOP_ANALYSIS = YES;
				CLANG_WARN_STRICT_PROTOTYPES = YES;
				CLANG_WARN_SUSPICIOUS_MOVE = YES;
				CLANG_WARN_UNGUARDED_AVAILABILITY = YES_AGGRESSIVE;
				CLANG_WARN_UNREACHABLE_CODE = YES;
				CLANG_WARN__DUPLICATE_METHOD_MATCH = YES;
				COPY_PHASE_STRIP = NO;
				DEBUG_INFORMATION_FORMAT = "dwarf-with-dsym";
				ENABLE_NS_ASSERTIONS = NO;
				ENABLE_STRICT_OBJC_MSGSEND = YES;
				GCC_C_LANGUAGE_STANDARD = gnu17;
				GCC_NO_COMMON_BLOCKS = YES;
				GCC_WARN_64_TO_32_BIT_CONVERSION = YES;
				GCC_WARN_ABOUT_RETURN_TYPE = YES_ERROR;
				GCC_WARN_UNDECLARED_SELECTOR = YES;
				GCC_WARN_UNINITIALIZED_AUTOS = YES_AGGRESSIVE;
				GCC_WARN_UNUSED_FUNCTION = YES;
				GCC_WARN_UNUSED_VARIABLE = YES;
				MACOSX_DEPLOYMENT_TARGET = 13.0;
				MTL_FAST_MATH = YES;
				SDKROOT = macosx;
				SWIFT_COMPILATION_MODE = wholemodule;
			};
			name = Release;
		};
/* End XCBuildConfiguration section */

/* Begin XCConfigurationList section */
		A70000010000000000000001 /* Build configuration list for PBXNativeTarget "UltraXReal" */ = {
			isa = XCConfigurationList;
			buildConfigurations = (
				A90000010000000000000001 /* Debug */,
				A90000010000000000000002 /* Release */,
			);
			defaultConfigurationIsVisible = 0;
			defaultConfigurationName = Release;
		};
		A70000010000000000000002 /* Build configuration list for PBXProject "UltraXReal" */ = {
			isa = XCConfigurationList;
			buildConfigurations = (
				A90000010000000000000003 /* Debug */,
				A90000010000000000000004 /* Release */,
			);
			defaultConfigurationIsVisible = 0;
			defaultConfigurationName = Release;
		};
/* End XCConfigurationList section */

	};
	rootObject = A80000010000000000000001 /* Project object */;
}
